
Microsoft Visual Studio Solution File, Format Version 12.00
# Visual Studio Version 17
VisualStudioVersion = 17.9.34728.123
MinimumVisualStudioVersion = 10.0.40219.1
Project("{2150E333-8FDC-42A3-9474-1A3956D46DE8}") = "Solution Items", "Solution Items", "{C7B1A73B-A3F2-4506-A5AD-D04B5AA3380A}"
	ProjectSection(SolutionItems) = preProject
		.editorconfig = .editorconfig
	EndProjectSection
EndProject
Project("{2150E333-8FDC-42A3-9474-1A3956D46DE8}") = "App", "App", "{7CE63B1C-6644-42E8-9C71-9748628D8340}"
EndProject
Project("{9A19103F-16F7-4668-BE54-9A1E7A4F7556}") = "AdelaideFuel", "App\AdelaideFuel\AdelaideFuel.csproj", "{94449835-2EEC-49D9-93B9-9592D42C7CA6}"
EndProject
Project("{9A19103F-16F7-4668-BE54-9A1E7A4F7556}") = "AdelaideFuel.Localisation", "App\AdelaideFuel.Localisation\AdelaideFuel.Localisation.csproj", "{818A75D0-F703-4846-9188-D10DFA93D7B2}"
EndProject
Project("{2150E333-8FDC-42A3-9474-1A3956D46DE8}") = "Shared", "Shared", "{014C27F4-2AD5-4DE9-BFC5-08E6DB063AFF}"
EndProject
Project("{9A19103F-16F7-4668-BE54-9A1E7A4F7556}") = "AdelaideFuel.Maui", "App\AdelaideFuel.Maui\AdelaideFuel.Maui.csproj", "{E98CD2D7-779E-4F61-8B5B-B64651EF8C00}"
EndProject
Project("{9A19103F-16F7-4668-BE54-9A1E7A4F7556}") = "AdelaideFuel.Shared", "AdelaideFuel.Shared\AdelaideFuel.Shared.csproj", "{CDEB02D1-95CB-4AC5-B90B-FEC9DB3C1B61}"
EndProject
Global
	GlobalSection(SolutionConfigurationPlatforms) = preSolution
		Debug|Any CPU = Debug|Any CPU
		Debug|iPhone = Debug|iPhone
		Debug|iPhoneSimulator = Debug|iPhoneSimulator
		Release|Any CPU = Release|Any CPU
		Release|iPhone = Release|iPhone
		Release|iPhoneSimulator = Release|iPhoneSimulator
	EndGlobalSection
	GlobalSection(ProjectConfigurationPlatforms) = postSolution
		{94449835-2EEC-49D9-93B9-9592D42C7CA6}.Debug|Any CPU.ActiveCfg = Debug|Any CPU
		{94449835-2EEC-49D9-93B9-9592D42C7CA6}.Debug|Any CPU.Build.0 = Debug|Any CPU
		{94449835-2EEC-49D9-93B9-9592D42C7CA6}.Debug|iPhone.ActiveCfg = Debug|Any CPU
		{94449835-2EEC-49D9-93B9-9592D42C7CA6}.Debug|iPhone.Build.0 = Debug|Any CPU
		{94449835-2EEC-49D9-93B9-9592D42C7CA6}.Debug|iPhoneSimulator.ActiveCfg = Debug|Any CPU
		{94449835-2EEC-49D9-93B9-9592D42C7CA6}.Debug|iPhoneSimulator.Build.0 = Debug|Any CPU
		{94449835-2EEC-49D9-93B9-9592D42C7CA6}.Release|Any CPU.ActiveCfg = Release|Any CPU
		{94449835-2EEC-49D9-93B9-9592D42C7CA6}.Release|Any CPU.Build.0 = Release|Any CPU
		{94449835-2EEC-49D9-93B9-9592D42C7CA6}.Release|iPhone.ActiveCfg = Release|Any CPU
		{94449835-2EEC-49D9-93B9-9592D42C7CA6}.Release|iPhone.Build.0 = Release|Any CPU
		{94449835-2EEC-49D9-93B9-9592D42C7CA6}.Release|iPhoneSimulator.ActiveCfg = Release|Any CPU
		{94449835-2EEC-49D9-93B9-9592D42C7CA6}.Release|iPhoneSimulator.Build.0 = Release|Any CPU
		{818A75D0-F703-4846-9188-D10DFA93D7B2}.Debug|Any CPU.ActiveCfg = Debug|Any CPU
		{818A75D0-F703-4846-9188-D10DFA93D7B2}.Debug|Any CPU.Build.0 = Debug|Any CPU
		{818A75D0-F703-4846-9188-D10DFA93D7B2}.Debug|iPhone.ActiveCfg = Debug|Any CPU
		{818A75D0-F703-4846-9188-D10DFA93D7B2}.Debug|iPhone.Build.0 = Debug|Any CPU
		{818A75D0-F703-4846-9188-D10DFA93D7B2}.Debug|iPhoneSimulator.ActiveCfg = Debug|Any CPU
		{818A75D0-F703-4846-9188-D10DFA93D7B2}.Debug|iPhoneSimulator.Build.0 = Debug|Any CPU
		{818A75D0-F703-4846-9188-D10DFA93D7B2}.Release|Any CPU.ActiveCfg = Release|Any CPU
		{818A75D0-F703-4846-9188-D10DFA93D7B2}.Release|Any CPU.Build.0 = Release|Any CPU
		{818A75D0-F703-4846-9188-D10DFA93D7B2}.Release|iPhone.ActiveCfg = Release|Any CPU
		{818A75D0-F703-4846-9188-D10DFA93D7B2}.Release|iPhone.Build.0 = Release|Any CPU
		{818A75D0-F703-4846-9188-D10DFA93D7B2}.Release|iPhoneSimulator.ActiveCfg = Release|Any CPU
		{818A75D0-F703-4846-9188-D10DFA93D7B2}.Release|iPhoneSimulator.Build.0 = Release|Any CPU
		{E98CD2D7-779E-4F61-8B5B-B64651EF8C00}.Debug|Any CPU.ActiveCfg = Debug|Any CPU
		{E98CD2D7-779E-4F61-8B5B-B64651EF8C00}.Debug|Any CPU.Build.0 = Debug|Any CPU
		{E98CD2D7-779E-4F61-8B5B-B64651EF8C00}.Debug|Any CPU.Deploy.0 = Debug|Any CPU
		{E98CD2D7-779E-4F61-8B5B-B64651EF8C00}.Debug|iPhone.ActiveCfg = Debug|Any CPU
		{E98CD2D7-779E-4F61-8B5B-B64651EF8C00}.Debug|iPhone.Build.0 = Debug|Any CPU
		{E98CD2D7-779E-4F61-8B5B-B64651EF8C00}.Debug|iPhone.Deploy.0 = Debug|Any CPU
		{E98CD2D7-779E-4F61-8B5B-B64651EF8C00}.Debug|iPhoneSimulator.ActiveCfg = Debug|Any CPU
		{E98CD2D7-779E-4F61-8B5B-B64651EF8C00}.Debug|iPhoneSimulator.Build.0 = Debug|Any CPU
		{E98CD2D7-779E-4F61-8B5B-B64651EF8C00}.Debug|iPhoneSimulator.Deploy.0 = Debug|Any CPU
		{E98CD2D7-779E-4F61-8B5B-B64651EF8C00}.Release|Any CPU.ActiveCfg = Release|Any CPU
		{E98CD2D7-779E-4F61-8B5B-B64651EF8C00}.Release|Any CPU.Build.0 = Release|Any CPU
		{E98CD2D7-779E-4F61-8B5B-B64651EF8C00}.Release|Any CPU.Deploy.0 = Release|Any CPU
		{E98CD2D7-779E-4F61-8B5B-B64651EF8C00}.Release|iPhone.ActiveCfg = Release|Any CPU
		{E98CD2D7-779E-4F61-8B5B-B64651EF8C00}.Release|iPhone.Build.0 = Release|Any CPU
		{E98CD2D7-779E-4F61-8B5B-B64651EF8C00}.Release|iPhone.Deploy.0 = Release|Any CPU
		{E98CD2D7-779E-4F61-8B5B-B64651EF8C00}.Release|iPhoneSimulator.ActiveCfg = Release|Any CPU
		{E98CD2D7-779E-4F61-8B5B-B64651EF8C00}.Release|iPhoneSimulator.Build.0 = Release|Any CPU
		{E98CD2D7-779E-4F61-8B5B-B64651EF8C00}.Release|iPhoneSimulator.Deploy.0 = Release|Any CPU
		{CDEB02D1-95CB-4AC5-B90B-FEC9DB3C1B61}.Debug|Any CPU.ActiveCfg = Debug|Any CPU
		{CDEB02D1-95CB-4AC5-B90B-FEC9DB3C1B61}.Debug|Any CPU.Build.0 = Debug|Any CPU
		{CDEB02D1-95CB-4AC5-B90B-FEC9DB3C1B61}.Debug|iPhone.ActiveCfg = Debug|Any CPU
		{CDEB02D1-95CB-4AC5-B90B-FEC9DB3C1B61}.Debug|iPhone.Build.0 = Debug|Any CPU
		{CDEB02D1-95CB-4AC5-B90B-FEC9DB3C1B61}.Debug|iPhoneSimulator.ActiveCfg = Debug|Any CPU
		{CDEB02D1-95CB-4AC5-B90B-FEC9DB3C1B61}.Debug|iPhoneSimulator.Build.0 = Debug|Any CPU
		{CDEB02D1-95CB-4AC5-B90B-FEC9DB3C1B61}.Release|Any CPU.ActiveCfg = Release|Any CPU
		{CDEB02D1-95CB-4AC5-B90B-FEC9DB3C1B61}.Release|Any CPU.Build.0 = Release|Any CPU
		{CDEB02D1-95CB-4AC5-B90B-FEC9DB3C1B61}.Release|iPhone.ActiveCfg = Release|Any CPU
		{CDEB02D1-95CB-4AC5-B90B-FEC9DB3C1B61}.Release|iPhone.Build.0 = Release|Any CPU
		{CDEB02D1-95CB-4AC5-B90B-FEC9DB3C1B61}.Release|iPhoneSimulator.ActiveCfg = Release|Any CPU
		{CDEB02D1-95CB-4AC5-B90B-FEC9DB3C1B61}.Release|iPhoneSimulator.Build.0 = Release|Any CPU
	EndGlobalSection
	GlobalSection(SolutionProperties) = preSolution
		HideSolutionNode = FALSE
	EndGlobalSection
	GlobalSection(NestedProjects) = preSolution
		{94449835-2EEC-49D9-93B9-9592D42C7CA6} = {7CE63B1C-6644-42E8-9C71-9748628D8340}
		{818A75D0-F703-4846-9188-D10DFA93D7B2} = {7CE63B1C-6644-42E8-9C71-9748628D8340}
		{E98CD2D7-779E-4F61-8B5B-B64651EF8C00} = {7CE63B1C-6644-42E8-9C71-9748628D8340}
		{CDEB02D1-95CB-4AC5-B90B-FEC9DB3C1B61} = {014C27F4-2AD5-4DE9-BFC5-08E6DB063AFF}
	EndGlobalSection
	GlobalSection(ExtensibilityGlobals) = postSolution
		SolutionGuid = {3DA6A255-96A2-42E8-8AD4-6FF9FB754277}
	EndGlobalSection
EndGlobal
