
Microsoft Visual Studio Solution File, Format Version 12.00
# Visual Studio Version 17
VisualStudioVersion = 17.2.32526.322
MinimumVisualStudioVersion = 10.0.40219.1
Project("{2150E333-8FDC-42A3-9474-1A3956D46DE8}") = "SolutionItems", "SolutionItems", "{1F8D4A96-A20D-4075-98B0-44844B8F569E}"
	ProjectSection(SolutionItems) = preProject
		.editorconfig = .editorconfig
		NuGet.config = NuGet.config
	EndProjectSection
EndProject
Project("{9A19103F-16F7-4668-BE54-9A1E7A4F7556}") = "AdelaideFuel.Shared", "AdelaideFuel.Shared\AdelaideFuel.Shared.csproj", "{E03F64A6-423D-47C7-957C-3B38F1EBE81E}"
EndProject
Project("{9A19103F-16F7-4668-BE54-9A1E7A4F7556}") = "AdelaideFuel", "App\AdelaideFuel\AdelaideFuel.csproj", "{02C1636C-9EBD-4574-B876-99A7B5B79529}"
EndProject
Project("{FAE04EC0-301F-11D3-BF4B-00C04F79EFBC}") = "AdelaideFuel.Android", "App\AdelaideFuel.Android\AdelaideFuel.Android.csproj", "{797AE8DB-B769-4473-86CB-446B96CC5057}"
EndProject
Project("{9A19103F-16F7-4668-BE54-9A1E7A4F7556}") = "AdelaideFuel.Localisation", "App\AdelaideFuel.Localisation\AdelaideFuel.Localisation.csproj", "{8A8E0634-C62E-468A-92CE-EE43BD9E2E6C}"
EndProject
Project("{9A19103F-16F7-4668-BE54-9A1E7A4F7556}") = "AdelaideFuel.UI", "App\AdelaideFuel.UI\AdelaideFuel.UI.csproj", "{77FE16BC-D6E9-457B-9D01-468C3F0A22B8}"
EndProject
Project("{2150E333-8FDC-42A3-9474-1A3956D46DE8}") = "Shared", "Shared", "{2BA239BA-1D29-48C0-83DB-C3FD85026D40}"
EndProject
Global
	GlobalSection(SolutionConfigurationPlatforms) = preSolution
		Debug|Any CPU = Debug|Any CPU
		Release|Any CPU = Release|Any CPU
	EndGlobalSection
	GlobalSection(ProjectConfigurationPlatforms) = postSolution
		{E03F64A6-423D-47C7-957C-3B38F1EBE81E}.Debug|Any CPU.ActiveCfg = Debug|Any CPU
		{E03F64A6-423D-47C7-957C-3B38F1EBE81E}.Debug|Any CPU.Build.0 = Debug|Any CPU
		{E03F64A6-423D-47C7-957C-3B38F1EBE81E}.Release|Any CPU.ActiveCfg = Release|Any CPU
		{E03F64A6-423D-47C7-957C-3B38F1EBE81E}.Release|Any CPU.Build.0 = Release|Any CPU
		{02C1636C-9EBD-4574-B876-99A7B5B79529}.Debug|Any CPU.ActiveCfg = Debug|Any CPU
		{02C1636C-9EBD-4574-B876-99A7B5B79529}.Debug|Any CPU.Build.0 = Debug|Any CPU
		{02C1636C-9EBD-4574-B876-99A7B5B79529}.Release|Any CPU.ActiveCfg = Release|Any CPU
		{02C1636C-9EBD-4574-B876-99A7B5B79529}.Release|Any CPU.Build.0 = Release|Any CPU
		{797AE8DB-B769-4473-86CB-446B96CC5057}.Debug|Any CPU.ActiveCfg = Debug|Any CPU
		{797AE8DB-B769-4473-86CB-446B96CC5057}.Debug|Any CPU.Build.0 = Debug|Any CPU
		{797AE8DB-B769-4473-86CB-446B96CC5057}.Debug|Any CPU.Deploy.0 = Debug|Any CPU
		{797AE8DB-B769-4473-86CB-446B96CC5057}.Release|Any CPU.ActiveCfg = Release|Any CPU
		{797AE8DB-B769-4473-86CB-446B96CC5057}.Release|Any CPU.Build.0 = Release|Any CPU
		{797AE8DB-B769-4473-86CB-446B96CC5057}.Release|Any CPU.Deploy.0 = Release|Any CPU
		{8A8E0634-C62E-468A-92CE-EE43BD9E2E6C}.Debug|Any CPU.ActiveCfg = Debug|Any CPU
		{8A8E0634-C62E-468A-92CE-EE43BD9E2E6C}.Debug|Any CPU.Build.0 = Debug|Any CPU
		{8A8E0634-C62E-468A-92CE-EE43BD9E2E6C}.Release|Any CPU.ActiveCfg = Release|Any CPU
		{8A8E0634-C62E-468A-92CE-EE43BD9E2E6C}.Release|Any CPU.Build.0 = Release|Any CPU
		{77FE16BC-D6E9-457B-9D01-468C3F0A22B8}.Debug|Any CPU.ActiveCfg = Debug|Any CPU
		{77FE16BC-D6E9-457B-9D01-468C3F0A22B8}.Debug|Any CPU.Build.0 = Debug|Any CPU
		{77FE16BC-D6E9-457B-9D01-468C3F0A22B8}.Release|Any CPU.ActiveCfg = Release|Any CPU
		{77FE16BC-D6E9-457B-9D01-468C3F0A22B8}.Release|Any CPU.Build.0 = Release|Any CPU
	EndGlobalSection
	GlobalSection(SolutionProperties) = preSolution
		HideSolutionNode = FALSE
	EndGlobalSection
	GlobalSection(NestedProjects) = preSolution
		{E03F64A6-423D-47C7-957C-3B38F1EBE81E} = {2BA239BA-1D29-48C0-83DB-C3FD85026D40}
		{02C1636C-9EBD-4574-B876-99A7B5B79529} = {2BA239BA-1D29-48C0-83DB-C3FD85026D40}
		{8A8E0634-C62E-468A-92CE-EE43BD9E2E6C} = {2BA239BA-1D29-48C0-83DB-C3FD85026D40}
		{77FE16BC-D6E9-457B-9D01-468C3F0A22B8} = {2BA239BA-1D29-48C0-83DB-C3FD85026D40}
	EndGlobalSection
	GlobalSection(ExtensibilityGlobals) = postSolution
		SolutionGuid = {9B0084B1-1A3E-459B-B2D4-29D732A9358C}
	EndGlobalSection
EndGlobal
