
Microsoft Visual Studio Solution File, Format Version 12.00
# Visual Studio Version 16
VisualStudioVersion = 16.0.31112.23
MinimumVisualStudioVersion = 10.0.40219.1
Project("{9A19103F-16F7-4668-BE54-9A1E7A4F7556}") = "AdelaideFuel.Shared", "AdelaideFuel.Shared\AdelaideFuel.Shared.csproj", "{F43430E6-7F19-4B74-AADF-55E1D32D4E4D}"
EndProject
Project("{2150E333-8FDC-42A3-9474-1A3956D46DE8}") = "Solution Items", "Solution Items", "{C7B1A73B-A3F2-4506-A5AD-D04B5AA3380A}"
	ProjectSection(SolutionItems) = preProject
		.editorconfig = .editorconfig
		App\appcenter-replace-settings.sh = App\appcenter-replace-settings.sh
	EndProjectSection
EndProject
Project("{2150E333-8FDC-42A3-9474-1A3956D46DE8}") = "App", "App", "{7CE63B1C-6644-42E8-9C71-9748628D8340}"
EndProject
Project("{9A19103F-16F7-4668-BE54-9A1E7A4F7556}") = "AdelaideFuel", "App\AdelaideFuel\AdelaideFuel.csproj", "{94449835-2EEC-49D9-93B9-9592D42C7CA6}"
EndProject
Project("{FAE04EC0-301F-11D3-BF4B-00C04F79EFBC}") = "AdelaideFuel.Android", "App\AdelaideFuel.Android\AdelaideFuel.Android.csproj", "{B02592AB-30DD-4AA4-9538-BB8EB7C0B710}"
EndProject
Project("{FAE04EC0-301F-11D3-BF4B-00C04F79EFBC}") = "AdelaideFuel.iOS", "App\AdelaideFuel.iOS\AdelaideFuel.iOS.csproj", "{9FBFEF16-059F-4CBF-8A59-1F6F5718F217}"
EndProject
Project("{9A19103F-16F7-4668-BE54-9A1E7A4F7556}") = "AdelaideFuel.Localisation", "App\AdelaideFuel.Localisation\AdelaideFuel.Localisation.csproj", "{818A75D0-F703-4846-9188-D10DFA93D7B2}"
EndProject
Project("{9A19103F-16F7-4668-BE54-9A1E7A4F7556}") = "AdelaideFuel.UI", "App\AdelaideFuel.UI\AdelaideFuel.UI.csproj", "{19A949C1-CD9C-47FE-B447-B01245334892}"
EndProject
Project("{2150E333-8FDC-42A3-9474-1A3956D46DE8}") = "Shared", "Shared", "{5D6EA436-F1CB-4EE8-986C-324D64ED74F5}"
EndProject
Project("{2150E333-8FDC-42A3-9474-1A3956D46DE8}") = "Shared", "Shared", "{014C27F4-2AD5-4DE9-BFC5-08E6DB063AFF}"
EndProject
Global
	GlobalSection(SolutionConfigurationPlatforms) = preSolution
		Debug|Any CPU = Debug|Any CPU
		Debug|iPhone = Debug|iPhone
		Debug|iPhoneSimulator = Debug|iPhoneSimulator
		Release|Any CPU = Release|Any CPU
		Release|iPhone = Release|iPhone
		Release|iPhoneSimulator = Release|iPhoneSimulator
	EndGlobalSection
	GlobalSection(ProjectConfigurationPlatforms) = postSolution
		{F43430E6-7F19-4B74-AADF-55E1D32D4E4D}.Debug|Any CPU.ActiveCfg = Debug|Any CPU
		{F43430E6-7F19-4B74-AADF-55E1D32D4E4D}.Debug|Any CPU.Build.0 = Debug|Any CPU
		{F43430E6-7F19-4B74-AADF-55E1D32D4E4D}.Debug|iPhone.ActiveCfg = Debug|Any CPU
		{F43430E6-7F19-4B74-AADF-55E1D32D4E4D}.Debug|iPhone.Build.0 = Debug|Any CPU
		{F43430E6-7F19-4B74-AADF-55E1D32D4E4D}.Debug|iPhoneSimulator.ActiveCfg = Debug|Any CPU
		{F43430E6-7F19-4B74-AADF-55E1D32D4E4D}.Debug|iPhoneSimulator.Build.0 = Debug|Any CPU
		{F43430E6-7F19-4B74-AADF-55E1D32D4E4D}.Release|Any CPU.ActiveCfg = Release|Any CPU
		{F43430E6-7F19-4B74-AADF-55E1D32D4E4D}.Release|Any CPU.Build.0 = Release|Any CPU
		{F43430E6-7F19-4B74-AADF-55E1D32D4E4D}.Release|iPhone.ActiveCfg = Release|Any CPU
		{F43430E6-7F19-4B74-AADF-55E1D32D4E4D}.Release|iPhone.Build.0 = Release|Any CPU
		{F43430E6-7F19-4B74-AADF-55E1D32D4E4D}.Release|iPhoneSimulator.ActiveCfg = Release|Any CPU
		{F43430E6-7F19-4B74-AADF-55E1D32D4E4D}.Release|iPhoneSimulator.Build.0 = Release|Any CPU
		{94449835-2EEC-49D9-93B9-9592D42C7CA6}.Debug|Any CPU.ActiveCfg = Debug|Any CPU
		{94449835-2EEC-49D9-93B9-9592D42C7CA6}.Debug|Any CPU.Build.0 = Debug|Any CPU
		{94449835-2EEC-49D9-93B9-9592D42C7CA6}.Debug|iPhone.ActiveCfg = Debug|Any CPU
		{94449835-2EEC-49D9-93B9-9592D42C7CA6}.Debug|iPhone.Build.0 = Debug|Any CPU
		{94449835-2EEC-49D9-93B9-9592D42C7CA6}.Debug|iPhoneSimulator.ActiveCfg = Debug|Any CPU
		{94449835-2EEC-49D9-93B9-9592D42C7CA6}.Debug|iPhoneSimulator.Build.0 = Debug|Any CPU
		{94449835-2EEC-49D9-93B9-9592D42C7CA6}.Release|Any CPU.ActiveCfg = Release|Any CPU
		{94449835-2EEC-49D9-93B9-9592D42C7CA6}.Release|Any CPU.Build.0 = Release|Any CPU
		{94449835-2EEC-49D9-93B9-9592D42C7CA6}.Release|iPhone.ActiveCfg = Release|Any CPU
		{94449835-2EEC-49D9-93B9-9592D42C7CA6}.Release|iPhone.Build.0 = Release|Any CPU
		{94449835-2EEC-49D9-93B9-9592D42C7CA6}.Release|iPhoneSimulator.ActiveCfg = Release|Any CPU
		{94449835-2EEC-49D9-93B9-9592D42C7CA6}.Release|iPhoneSimulator.Build.0 = Release|Any CPU
		{B02592AB-30DD-4AA4-9538-BB8EB7C0B710}.Debug|Any CPU.ActiveCfg = Debug|Any CPU
		{B02592AB-30DD-4AA4-9538-BB8EB7C0B710}.Debug|Any CPU.Build.0 = Debug|Any CPU
		{B02592AB-30DD-4AA4-9538-BB8EB7C0B710}.Debug|Any CPU.Deploy.0 = Debug|Any CPU
		{B02592AB-30DD-4AA4-9538-BB8EB7C0B710}.Debug|iPhone.ActiveCfg = Debug|Any CPU
		{B02592AB-30DD-4AA4-9538-BB8EB7C0B710}.Debug|iPhone.Build.0 = Debug|Any CPU
		{B02592AB-30DD-4AA4-9538-BB8EB7C0B710}.Debug|iPhone.Deploy.0 = Debug|Any CPU
		{B02592AB-30DD-4AA4-9538-BB8EB7C0B710}.Debug|iPhoneSimulator.ActiveCfg = Debug|Any CPU
		{B02592AB-30DD-4AA4-9538-BB8EB7C0B710}.Debug|iPhoneSimulator.Build.0 = Debug|Any CPU
		{B02592AB-30DD-4AA4-9538-BB8EB7C0B710}.Debug|iPhoneSimulator.Deploy.0 = Debug|Any CPU
		{B02592AB-30DD-4AA4-9538-BB8EB7C0B710}.Release|Any CPU.ActiveCfg = Release|Any CPU
		{B02592AB-30DD-4AA4-9538-BB8EB7C0B710}.Release|Any CPU.Build.0 = Release|Any CPU
		{B02592AB-30DD-4AA4-9538-BB8EB7C0B710}.Release|Any CPU.Deploy.0 = Release|Any CPU
		{B02592AB-30DD-4AA4-9538-BB8EB7C0B710}.Release|iPhone.ActiveCfg = Release|Any CPU
		{B02592AB-30DD-4AA4-9538-BB8EB7C0B710}.Release|iPhone.Build.0 = Release|Any CPU
		{B02592AB-30DD-4AA4-9538-BB8EB7C0B710}.Release|iPhone.Deploy.0 = Release|Any CPU
		{B02592AB-30DD-4AA4-9538-BB8EB7C0B710}.Release|iPhoneSimulator.ActiveCfg = Release|Any CPU
		{B02592AB-30DD-4AA4-9538-BB8EB7C0B710}.Release|iPhoneSimulator.Build.0 = Release|Any CPU
		{B02592AB-30DD-4AA4-9538-BB8EB7C0B710}.Release|iPhoneSimulator.Deploy.0 = Release|Any CPU
		{9FBFEF16-059F-4CBF-8A59-1F6F5718F217}.Debug|Any CPU.ActiveCfg = Debug|iPhoneSimulator
		{9FBFEF16-059F-4CBF-8A59-1F6F5718F217}.Debug|iPhone.ActiveCfg = Debug|iPhone
		{9FBFEF16-059F-4CBF-8A59-1F6F5718F217}.Debug|iPhone.Build.0 = Debug|iPhone
		{9FBFEF16-059F-4CBF-8A59-1F6F5718F217}.Debug|iPhone.Deploy.0 = Debug|iPhone
		{9FBFEF16-059F-4CBF-8A59-1F6F5718F217}.Debug|iPhoneSimulator.ActiveCfg = Debug|iPhoneSimulator
		{9FBFEF16-059F-4CBF-8A59-1F6F5718F217}.Debug|iPhoneSimulator.Build.0 = Debug|iPhoneSimulator
		{9FBFEF16-059F-4CBF-8A59-1F6F5718F217}.Release|Any CPU.ActiveCfg = Release|iPhoneSimulator
		{9FBFEF16-059F-4CBF-8A59-1F6F5718F217}.Release|iPhone.ActiveCfg = Release|iPhone
		{9FBFEF16-059F-4CBF-8A59-1F6F5718F217}.Release|iPhone.Build.0 = Release|iPhone
		{9FBFEF16-059F-4CBF-8A59-1F6F5718F217}.Release|iPhoneSimulator.ActiveCfg = Release|iPhoneSimulator
		{9FBFEF16-059F-4CBF-8A59-1F6F5718F217}.Release|iPhoneSimulator.Build.0 = Release|iPhoneSimulator
		{818A75D0-F703-4846-9188-D10DFA93D7B2}.Debug|Any CPU.ActiveCfg = Debug|Any CPU
		{818A75D0-F703-4846-9188-D10DFA93D7B2}.Debug|Any CPU.Build.0 = Debug|Any CPU
		{818A75D0-F703-4846-9188-D10DFA93D7B2}.Debug|iPhone.ActiveCfg = Debug|Any CPU
		{818A75D0-F703-4846-9188-D10DFA93D7B2}.Debug|iPhone.Build.0 = Debug|Any CPU
		{818A75D0-F703-4846-9188-D10DFA93D7B2}.Debug|iPhoneSimulator.ActiveCfg = Debug|Any CPU
		{818A75D0-F703-4846-9188-D10DFA93D7B2}.Debug|iPhoneSimulator.Build.0 = Debug|Any CPU
		{818A75D0-F703-4846-9188-D10DFA93D7B2}.Release|Any CPU.ActiveCfg = Release|Any CPU
		{818A75D0-F703-4846-9188-D10DFA93D7B2}.Release|Any CPU.Build.0 = Release|Any CPU
		{818A75D0-F703-4846-9188-D10DFA93D7B2}.Release|iPhone.ActiveCfg = Release|Any CPU
		{818A75D0-F703-4846-9188-D10DFA93D7B2}.Release|iPhone.Build.0 = Release|Any CPU
		{818A75D0-F703-4846-9188-D10DFA93D7B2}.Release|iPhoneSimulator.ActiveCfg = Release|Any CPU
		{818A75D0-F703-4846-9188-D10DFA93D7B2}.Release|iPhoneSimulator.Build.0 = Release|Any CPU
		{19A949C1-CD9C-47FE-B447-B01245334892}.Debug|Any CPU.ActiveCfg = Debug|Any CPU
		{19A949C1-CD9C-47FE-B447-B01245334892}.Debug|Any CPU.Build.0 = Debug|Any CPU
		{19A949C1-CD9C-47FE-B447-B01245334892}.Debug|iPhone.ActiveCfg = Debug|Any CPU
		{19A949C1-CD9C-47FE-B447-B01245334892}.Debug|iPhone.Build.0 = Debug|Any CPU
		{19A949C1-CD9C-47FE-B447-B01245334892}.Debug|iPhoneSimulator.ActiveCfg = Debug|Any CPU
		{19A949C1-CD9C-47FE-B447-B01245334892}.Debug|iPhoneSimulator.Build.0 = Debug|Any CPU
		{19A949C1-CD9C-47FE-B447-B01245334892}.Release|Any CPU.ActiveCfg = Release|Any CPU
		{19A949C1-CD9C-47FE-B447-B01245334892}.Release|Any CPU.Build.0 = Release|Any CPU
		{19A949C1-CD9C-47FE-B447-B01245334892}.Release|iPhone.ActiveCfg = Release|Any CPU
		{19A949C1-CD9C-47FE-B447-B01245334892}.Release|iPhone.Build.0 = Release|Any CPU
		{19A949C1-CD9C-47FE-B447-B01245334892}.Release|iPhoneSimulator.ActiveCfg = Release|Any CPU
		{19A949C1-CD9C-47FE-B447-B01245334892}.Release|iPhoneSimulator.Build.0 = Release|Any CPU
	EndGlobalSection
	GlobalSection(SolutionProperties) = preSolution
		HideSolutionNode = FALSE
	EndGlobalSection
	GlobalSection(NestedProjects) = preSolution
		{F43430E6-7F19-4B74-AADF-55E1D32D4E4D} = {014C27F4-2AD5-4DE9-BFC5-08E6DB063AFF}
		{94449835-2EEC-49D9-93B9-9592D42C7CA6} = {5D6EA436-F1CB-4EE8-986C-324D64ED74F5}
		{B02592AB-30DD-4AA4-9538-BB8EB7C0B710} = {7CE63B1C-6644-42E8-9C71-9748628D8340}
		{9FBFEF16-059F-4CBF-8A59-1F6F5718F217} = {7CE63B1C-6644-42E8-9C71-9748628D8340}
		{818A75D0-F703-4846-9188-D10DFA93D7B2} = {5D6EA436-F1CB-4EE8-986C-324D64ED74F5}
		{19A949C1-CD9C-47FE-B447-B01245334892} = {5D6EA436-F1CB-4EE8-986C-324D64ED74F5}
		{5D6EA436-F1CB-4EE8-986C-324D64ED74F5} = {7CE63B1C-6644-42E8-9C71-9748628D8340}
	EndGlobalSection
	GlobalSection(ExtensibilityGlobals) = postSolution
		SolutionGuid = {3DA6A255-96A2-42E8-8AD4-6FF9FB754277}
	EndGlobalSection
EndGlobal
